// !$*UTF8*$!
{
	archiveVersion = 1;
	classes = {
	};
	objectVersion = 55;
	objects = {

/* Begin PBXBuildFile section */
		1A2138752963106400CBE869 /* TextFieldsView.swift in Sources */ = {isa = PBXBuildFile; fileRef = 1A2138742963106400CBE869 /* TextFieldsView.swift */; };
		1A213877296310F200CBE869 /* LoginTextField.swift in Sources */ = {isa = PBXBuildFile; fileRef = 1A213876296310F200CBE869 /* LoginTextField.swift */; };
		1A4D3CE3295B13E2006F06D9 /* LogInViewController.swift in Sources */ = {isa = PBXBuildFile; fileRef = 1A4D3CE2295B13E2006F06D9 /* LogInViewController.swift */; };
		FFD044972954C5DA00643070 /* AppDelegate.swift in Sources */ = {isa = PBXBuildFile; fileRef = FFD044962954C5DA00643070 /* AppDelegate.swift */; };
		FFD044A02954C5DB00643070 /* Assets.xcassets in Resources */ = {isa = PBXBuildFile; fileRef = FFD0449F2954C5DB00643070 /* Assets.xcassets */; };
		FFD044A32954C5DB00643070 /* LaunchScreen.storyboard in Resources */ = {isa = PBXBuildFile; fileRef = FFD044A12954C5DB00643070 /* LaunchScreen.storyboard */; };
		FFD044AC2954CCF500643070 /* FeedViewController.swift in Sources */ = {isa = PBXBuildFile; fileRef = FFD044AB2954CCF500643070 /* FeedViewController.swift */; };
		FFD044AE2954CD1B00643070 /* PostViewController.swift in Sources */ = {isa = PBXBuildFile; fileRef = FFD044AD2954CD1B00643070 /* PostViewController.swift */; };
		FFD044B32954CD7400643070 /* ProfileViewController.swift in Sources */ = {isa = PBXBuildFile; fileRef = FFD044B22954CD7400643070 /* ProfileViewController.swift */; };
		FFD044B62954CDC000643070 /* PostModel.swift in Sources */ = {isa = PBXBuildFile; fileRef = FFD044B52954CDC000643070 /* PostModel.swift */; };
		FFD044B92954CE8100643070 /* InfoViewController.swift in Sources */ = {isa = PBXBuildFile; fileRef = FFD044B82954CE8100643070 /* InfoViewController.swift */; };
		FFD044BC2954CF6300643070 /* ProfileHeaderView.swift in Sources */ = {isa = PBXBuildFile; fileRef = FFD044BB2954CF6300643070 /* ProfileHeaderView.swift */; };
		FFD044BE2954CF9700643070 /* StatusTextField.swift in Sources */ = {isa = PBXBuildFile; fileRef = FFD044BD2954CF9700643070 /* StatusTextField.swift */; };
		FFD044C02954CFB600643070 /* StatusButton.swift in Sources */ = {isa = PBXBuildFile; fileRef = FFD044BF2954CFB600643070 /* StatusButton.swift */; };
/* End PBXBuildFile section */

/* Begin PBXFileReference section */
		1A2138742963106400CBE869 /* TextFieldsView.swift */ = {isa = PBXFileReference; lastKnownFileType = sourcecode.swift; path = TextFieldsView.swift; sourceTree = "<group>"; };
		1A213876296310F200CBE869 /* LoginTextField.swift */ = {isa = PBXFileReference; lastKnownFileType = sourcecode.swift; path = LoginTextField.swift; sourceTree = "<group>"; };
		1A4D3CE2295B13E2006F06D9 /* LogInViewController.swift */ = {isa = PBXFileReference; lastKnownFileType = sourcecode.swift; path = LogInViewController.swift; sourceTree = "<group>"; };
		FFD044932954C5DA00643070 /* Navigation.app */ = {isa = PBXFileReference; explicitFileType = wrapper.application; includeInIndex = 0; path = Navigation.app; sourceTree = BUILT_PRODUCTS_DIR; };
		FFD044962954C5DA00643070 /* AppDelegate.swift */ = {isa = PBXFileReference; lastKnownFileType = sourcecode.swift; path = AppDelegate.swift; sourceTree = "<group>"; };
		FFD0449F2954C5DB00643070 /* Assets.xcassets */ = {isa = PBXFileReference; lastKnownFileType = folder.assetcatalog; path = Assets.xcassets; sourceTree = "<group>"; };
		FFD044A22954C5DB00643070 /* Base */ = {isa = PBXFileReference; lastKnownFileType = file.storyboard; name = Base; path = Base.lproj/LaunchScreen.storyboard; sourceTree = "<group>"; };
		FFD044A42954C5DB00643070 /* Info.plist */ = {isa = PBXFileReference; lastKnownFileType = text.plist.xml; path = Info.plist; sourceTree = "<group>"; };
		FFD044AB2954CCF500643070 /* FeedViewController.swift */ = {isa = PBXFileReference; lastKnownFileType = sourcecode.swift; path = FeedViewController.swift; sourceTree = "<group>"; };
		FFD044AD2954CD1B00643070 /* PostViewController.swift */ = {isa = PBXFileReference; lastKnownFileType = sourcecode.swift; path = PostViewController.swift; sourceTree = "<group>"; };
		FFD044B22954CD7400643070 /* ProfileViewController.swift */ = {isa = PBXFileReference; lastKnownFileType = sourcecode.swift; path = ProfileViewController.swift; sourceTree = "<group>"; };
		FFD044B52954CDC000643070 /* PostModel.swift */ = {isa = PBXFileReference; lastKnownFileType = sourcecode.swift; path = PostModel.swift; sourceTree = "<group>"; };
		FFD044B82954CE8100643070 /* InfoViewController.swift */ = {isa = PBXFileReference; lastKnownFileType = sourcecode.swift; path = InfoViewController.swift; sourceTree = "<group>"; };
		FFD044BB2954CF6300643070 /* ProfileHeaderView.swift */ = {isa = PBXFileReference; lastKnownFileType = sourcecode.swift; path = ProfileHeaderView.swift; sourceTree = "<group>"; };
		FFD044BD2954CF9700643070 /* StatusTextField.swift */ = {isa = PBXFileReference; lastKnownFileType = sourcecode.swift; path = StatusTextField.swift; sourceTree = "<group>"; };
		FFD044BF2954CFB600643070 /* StatusButton.swift */ = {isa = PBXFileReference; lastKnownFileType = sourcecode.swift; path = StatusButton.swift; sourceTree = "<group>"; };
/* End PBXFileReference section */

/* Begin PBXFrameworksBuildPhase section */
		FFD044902954C5DA00643070 /* Frameworks */ = {
			isa = PBXFrameworksBuildPhase;
			buildActionMask = 2147483647;
			files = (
			);
			runOnlyForDeploymentPostprocessing = 0;
		};
/* End PBXFrameworksBuildPhase section */

/* Begin PBXGroup section */
		1A4D3CE4295E2CE9006F06D9 /* LogInComponents */ = {
			isa = PBXGroup;
			children = (
				1A4D3CE2295B13E2006F06D9 /* LogInViewController.swift */,
				1A2138742963106400CBE869 /* TextFieldsView.swift */,
				1A213876296310F200CBE869 /* LoginTextField.swift */,
			);
			path = LogInComponents;
			sourceTree = "<group>";
		};
		FFD0448A2954C5DA00643070 = {
			isa = PBXGroup;
			children = (
				FFD044952954C5DA00643070 /* Navigation */,
				FFD044942954C5DA00643070 /* Products */,
			);
			sourceTree = "<group>";
		};
		FFD044942954C5DA00643070 /* Products */ = {
			isa = PBXGroup;
			children = (
				FFD044932954C5DA00643070 /* Navigation.app */,
			);
			name = Products;
			sourceTree = "<group>";
		};
		FFD044952954C5DA00643070 /* Navigation */ = {
			isa = PBXGroup;
			children = (
				FFD044962954C5DA00643070 /* AppDelegate.swift */,
				FFD044AA2954CCBE00643070 /* ViewControllers */,
				FFD044B42954CDB100643070 /* Model */,
				FFD044C12954D16500643070 /* Helpers */,
			);
			path = Navigation;
			sourceTree = "<group>";
		};
		FFD044AA2954CCBE00643070 /* ViewControllers */ = {
			isa = PBXGroup;
			children = (
				FFD044B72954CE6400643070 /* InfoViewController */,
				FFD044B12954CD5F00643070 /* ProfileViewController */,
				FFD044AF2954CD3700643070 /* FeedViewController */,
				FFD044B02954CD4400643070 /* PostViewController */,
			);
			path = ViewControllers;
			sourceTree = "<group>";
		};
		FFD044AF2954CD3700643070 /* FeedViewController */ = {
			isa = PBXGroup;
			children = (
				FFD044AB2954CCF500643070 /* FeedViewController.swift */,
			);
			path = FeedViewController;
			sourceTree = "<group>";
		};
		FFD044B02954CD4400643070 /* PostViewController */ = {
			isa = PBXGroup;
			children = (
				FFD044AD2954CD1B00643070 /* PostViewController.swift */,
			);
			path = PostViewController;
			sourceTree = "<group>";
		};
		FFD044B12954CD5F00643070 /* ProfileViewController */ = {
			isa = PBXGroup;
			children = (
				FFD044B22954CD7400643070 /* ProfileViewController.swift */,
				1A4D3CE4295E2CE9006F06D9 /* LogInComponents */,
				FFD044BA2954CF5200643070 /* ProfileComponents */,
			);
			path = ProfileViewController;
			sourceTree = "<group>";
		};
		FFD044B42954CDB100643070 /* Model */ = {
			isa = PBXGroup;
			children = (
				FFD044B52954CDC000643070 /* PostModel.swift */,
			);
			path = Model;
			sourceTree = "<group>";
		};
		FFD044B72954CE6400643070 /* InfoViewController */ = {
			isa = PBXGroup;
			children = (
				FFD044B82954CE8100643070 /* InfoViewController.swift */,
			);
			path = InfoViewController;
			sourceTree = "<group>";
		};
		FFD044BA2954CF5200643070 /* ProfileComponents */ = {
			isa = PBXGroup;
			children = (
				FFD044BB2954CF6300643070 /* ProfileHeaderView.swift */,
				FFD044BD2954CF9700643070 /* StatusTextField.swift */,
				FFD044BF2954CFB600643070 /* StatusButton.swift */,
			);
			path = ProfileComponents;
			sourceTree = "<group>";
		};
		FFD044C12954D16500643070 /* Helpers */ = {
			isa = PBXGroup;
			children = (
				FFD0449F2954C5DB00643070 /* Assets.xcassets */,
				FFD044A12954C5DB00643070 /* LaunchScreen.storyboard */,
				FFD044A42954C5DB00643070 /* Info.plist */,
			);
			path = Helpers;
			sourceTree = "<group>";
		};
/* End PBXGroup section */

/* Begin PBXNativeTarget section */
		FFD044922954C5DA00643070 /* Navigation */ = {
			isa = PBXNativeTarget;
			buildConfigurationList = FFD044A72954C5DB00643070 /* Build configuration list for PBXNativeTarget "Navigation" */;
			buildPhases = (
				FFD0448F2954C5DA00643070 /* Sources */,
				FFD044902954C5DA00643070 /* Frameworks */,
				FFD044912954C5DA00643070 /* Resources */,
			);
			buildRules = (
			);
			dependencies = (
			);
			name = Navigation;
			productName = Navigation;
			productReference = FFD044932954C5DA00643070 /* Navigation.app */;
			productType = "com.apple.product-type.application";
		};
/* End PBXNativeTarget section */

/* Begin PBXProject section */
		FFD0448B2954C5DA00643070 /* Project object */ = {
			isa = PBXProject;
			attributes = {
				BuildIndependentTargetsInParallel = 1;
				LastSwiftUpdateCheck = 1340;
				LastUpgradeCheck = 1340;
				TargetAttributes = {
					FFD044922954C5DA00643070 = {
						CreatedOnToolsVersion = 13.4.1;
					};
				};
			};
			buildConfigurationList = FFD0448E2954C5DA00643070 /* Build configuration list for PBXProject "Navigation" */;
			compatibilityVersion = "Xcode 13.0";
			developmentRegion = en;
			hasScannedForEncodings = 0;
			knownRegions = (
				en,
				Base,
			);
			mainGroup = FFD0448A2954C5DA00643070;
			productRefGroup = FFD044942954C5DA00643070 /* Products */;
			projectDirPath = "";
			projectRoot = "";
			targets = (
				FFD044922954C5DA00643070 /* Navigation */,
			);
		};
/* End PBXProject section */

/* Begin PBXResourcesBuildPhase section */
		FFD044912954C5DA00643070 /* Resources */ = {
			isa = PBXResourcesBuildPhase;
			buildActionMask = 2147483647;
			files = (
				FFD044A32954C5DB00643070 /* LaunchScreen.storyboard in Resources */,
				FFD044A02954C5DB00643070 /* Assets.xcassets in Resources */,
			);
			runOnlyForDeploymentPostprocessing = 0;
		};
/* End PBXResourcesBuildPhase section */

/* Begin PBXSourcesBuildPhase section */
		FFD0448F2954C5DA00643070 /* Sources */ = {
			isa = PBXSourcesBuildPhase;
			buildActionMask = 2147483647;
			files = (
				FFD044BE2954CF9700643070 /* StatusTextField.swift in Sources */,
				1A213877296310F200CBE869 /* LoginTextField.swift in Sources */,
				FFD044AE2954CD1B00643070 /* PostViewController.swift in Sources */,
				1A2138752963106400CBE869 /* TextFieldsView.swift in Sources */,
				FFD044B62954CDC000643070 /* PostModel.swift in Sources */,
				FFD044C02954CFB600643070 /* StatusButton.swift in Sources */,
				FFD044B92954CE8100643070 /* InfoViewController.swift in Sources */,
				FFD044B32954CD7400643070 /* ProfileViewController.swift in Sources */,
				FFD044AC2954CCF500643070 /* FeedViewController.swift in Sources */,
				FFD044972954C5DA00643070 /* AppDelegate.swift in Sources */,
				1A4D3CE3295B13E2006F06D9 /* LogInViewController.swift in Sources */,
				FFD044BC2954CF6300643070 /* ProfileHeaderView.swift in Sources */,
			);
			runOnlyForDeploymentPostprocessing = 0;
		};
/* End PBXSourcesBuildPhase section */

/* Begin PBXVariantGroup section */
		FFD044A12954C5DB00643070 /* LaunchScreen.storyboard */ = {
			isa = PBXVariantGroup;
			children = (
				FFD044A22954C5DB00643070 /* Base */,
			);
			name = LaunchScreen.storyboard;
			sourceTree = "<group>";
		};
/* End PBXVariantGroup section */

/* Begin XCBuildConfiguration section */
		FFD044A52954C5DB00643070 /* Debug */ = {
			isa = XCBuildConfiguration;
			buildSettings = {
				ALWAYS_SEARCH_USER_PATHS = NO;
				CLANG_ANALYZER_NONNULL = YES;
				CLANG_ANALYZER_NUMBER_OBJECT_CONVERSION = YES_AGGRESSIVE;
				CLANG_CXX_LANGUAGE_STANDARD = "gnu++17";
				CLANG_ENABLE_MODULES = YES;
				CLANG_ENABLE_OBJC_ARC = YES;
				CLANG_ENABLE_OBJC_WEAK = YES;
				CLANG_WARN_BLOCK_CAPTURE_AUTORELEASING = YES;
				CLANG_WARN_BOOL_CONVERSION = YES;
				CLANG_WARN_COMMA = YES;
				CLANG_WARN_CONSTANT_CONVERSION = YES;
				CLANG_WARN_DEPRECATED_OBJC_IMPLEMENTATIONS = YES;
				CLANG_WARN_DIRECT_OBJC_ISA_USAGE = YES_ERROR;
				CLANG_WARN_DOCUMENTATION_COMMENTS = YES;
				CLANG_WARN_EMPTY_BODY = YES;
				CLANG_WARN_ENUM_CONVERSION = YES;
				CLANG_WARN_INFINITE_RECURSION = YES;
				CLANG_WARN_INT_CONVERSION = YES;
				CLANG_WARN_NON_LITERAL_NULL_CONVERSION = YES;
				CLANG_WARN_OBJC_IMPLICIT_RETAIN_SELF = YES;
				CLANG_WARN_OBJC_LITERAL_CONVERSION = YES;
				CLANG_WARN_OBJC_ROOT_CLASS = YES_ERROR;
				CLANG_WARN_QUOTED_INCLUDE_IN_FRAMEWORK_HEADER = YES;
				CLANG_WARN_RANGE_LOOP_ANALYSIS = YES;
				CLANG_WARN_STRICT_PROTOTYPES = YES;
				CLANG_WARN_SUSPICIOUS_MOVE = YES;
				CLANG_WARN_UNGUARDED_AVAILABILITY = YES_AGGRESSIVE;
				CLANG_WARN_UNREACHABLE_CODE = YES;
				CLANG_WARN__DUPLICATE_METHOD_MATCH = YES;
				COPY_PHASE_STRIP = NO;
				DEBUG_INFORMATION_FORMAT = dwarf;
				ENABLE_STRICT_OBJC_MSGSEND = YES;
				ENABLE_TESTABILITY = YES;
				GCC_C_LANGUAGE_STANDARD = gnu11;
				GCC_DYNAMIC_NO_PIC = NO;
				GCC_NO_COMMON_BLOCKS = YES;
				GCC_OPTIMIZATION_LEVEL = 0;
				GCC_PREPROCESSOR_DEFINITIONS = (
					"DEBUG=1",
					"$(inherited)",
				);
				GCC_WARN_64_TO_32_BIT_CONVERSION = YES;
				GCC_WARN_ABOUT_RETURN_TYPE = YES_ERROR;
				GCC_WARN_UNDECLARED_SELECTOR = YES;
				GCC_WARN_UNINITIALIZED_AUTOS = YES_AGGRESSIVE;
				GCC_WARN_UNUSED_FUNCTION = YES;
				GCC_WARN_UNUSED_VARIABLE = YES;
				IPHONEOS_DEPLOYMENT_TARGET = 15.5;
				MTL_ENABLE_DEBUG_INFO = INCLUDE_SOURCE;
				MTL_FAST_MATH = YES;
				ONLY_ACTIVE_ARCH = YES;
				SDKROOT = iphoneos;
				SWIFT_ACTIVE_COMPILATION_CONDITIONS = DEBUG;
				SWIFT_OPTIMIZATION_LEVEL = "-Onone";
			};
			name = Debug;
		};
		FFD044A62954C5DB00643070 /* Release */ = {
			isa = XCBuildConfiguration;
			buildSettings = {
				ALWAYS_SEARCH_USER_PATHS = NO;
				CLANG_ANALYZER_NONNULL = YES;
				CLANG_ANALYZER_NUMBER_OBJECT_CONVERSION = YES_AGGRESSIVE;
				CLANG_CXX_LANGUAGE_STANDARD = "gnu++17";
				CLANG_ENABLE_MODULES = YES;
				CLANG_ENABLE_OBJC_ARC = YES;
				CLANG_ENABLE_OBJC_WEAK = YES;
				CLANG_WARN_BLOCK_CAPTURE_AUTORELEASING = YES;
				CLANG_WARN_BOOL_CONVERSION = YES;
				CLANG_WARN_COMMA = YES;
				CLANG_WARN_CONSTANT_CONVERSION = YES;
				CLANG_WARN_DEPRECATED_OBJC_IMPLEMENTATIONS = YES;
				CLANG_WARN_DIRECT_OBJC_ISA_USAGE = YES_ERROR;
				CLANG_WARN_DOCUMENTATION_COMMENTS = YES;
				CLANG_WARN_EMPTY_BODY = YES;
				CLANG_WARN_ENUM_CONVERSION = YES;
				CLANG_WARN_INFINITE_RECURSION = YES;
				CLANG_WARN_INT_CONVERSION = YES;
				CLANG_WARN_NON_LITERAL_NULL_CONVERSION = YES;
				CLANG_WARN_OBJC_IMPLICIT_RETAIN_SELF = YES;
				CLANG_WARN_OBJC_LITERAL_CONVERSION = YES;
				CLANG_WARN_OBJC_ROOT_CLASS = YES_ERROR;
				CLANG_WARN_QUOTED_INCLUDE_IN_FRAMEWORK_HEADER = YES;
				CLANG_WARN_RANGE_LOOP_ANALYSIS = YES;
				CLANG_WARN_STRICT_PROTOTYPES = YES;
				CLANG_WARN_SUSPICIOUS_MOVE = YES;
				CLANG_WARN_UNGUARDED_AVAILABILITY = YES_AGGRESSIVE;
				CLANG_WARN_UNREACHABLE_CODE = YES;
				CLANG_WARN__DUPLICATE_METHOD_MATCH = YES;
				COPY_PHASE_STRIP = NO;
				DEBUG_INFORMATION_FORMAT = "dwarf-with-dsym";
				ENABLE_NS_ASSERTIONS = NO;
				ENABLE_STRICT_OBJC_MSGSEND = YES;
				GCC_C_LANGUAGE_STANDARD = gnu11;
				GCC_NO_COMMON_BLOCKS = YES;
				GCC_WARN_64_TO_32_BIT_CONVERSION = YES;
				GCC_WARN_ABOUT_RETURN_TYPE = YES_ERROR;
				GCC_WARN_UNDECLARED_SELECTOR = YES;
				GCC_WARN_UNINITIALIZED_AUTOS = YES_AGGRESSIVE;
				GCC_WARN_UNUSED_FUNCTION = YES;
				GCC_WARN_UNUSED_VARIABLE = YES;
				IPHONEOS_DEPLOYMENT_TARGET = 15.5;
				MTL_ENABLE_DEBUG_INFO = NO;
				MTL_FAST_MATH = YES;
				SDKROOT = iphoneos;
				SWIFT_COMPILATION_MODE = wholemodule;
				SWIFT_OPTIMIZATION_LEVEL = "-O";
				VALIDATE_PRODUCT = YES;
			};
			name = Release;
		};
		FFD044A82954C5DB00643070 /* Debug */ = {
			isa = XCBuildConfiguration;
			buildSettings = {
				ASSETCATALOG_COMPILER_APPICON_NAME = AppIcon;
				ASSETCATALOG_COMPILER_GLOBAL_ACCENT_COLOR_NAME = AccentColor;
				CODE_SIGN_STYLE = Automatic;
				CURRENT_PROJECT_VERSION = 1;
				GENERATE_INFOPLIST_FILE = YES;
				INFOPLIST_FILE = Navigation/Helpers/Info.plist;
				INFOPLIST_KEY_UIApplicationSupportsIndirectInputEvents = YES;
				INFOPLIST_KEY_UILaunchStoryboardName = LaunchScreen;
				INFOPLIST_KEY_UISupportedInterfaceOrientations_iPad = "UIInterfaceOrientationPortrait UIInterfaceOrientationPortraitUpsideDown UIInterfaceOrientationLandscapeLeft UIInterfaceOrientationLandscapeRight";
				INFOPLIST_KEY_UISupportedInterfaceOrientations_iPhone = "UIInterfaceOrientationPortrait UIInterfaceOrientationLandscapeLeft UIInterfaceOrientationLandscapeRight";
				LD_RUNPATH_SEARCH_PATHS = (
					"$(inherited)",
					"@executable_path/Frameworks",
				);
				MARKETING_VERSION = 1.0;
				PRODUCT_BUNDLE_IDENTIFIER = m.Navigation;
				PRODUCT_NAME = "$(TARGET_NAME)";
				SWIFT_EMIT_LOC_STRINGS = YES;
				SWIFT_VERSION = 5.0;
				TARGETED_DEVICE_FAMILY = "1,2";
			};
			name = Debug;
		};
		FFD044A92954C5DB00643070 /* Release */ = {
			isa = XCBuildConfiguration;
			buildSettings = {
				ASSETCATALOG_COMPILER_APPICON_NAME = AppIcon;
				ASSETCATALOG_COMPILER_GLOBAL_ACCENT_COLOR_NAME = AccentColor;
				CODE_SIGN_STYLE = Automatic;
				CURRENT_PROJECT_VERSION = 1;
				GENERATE_INFOPLIST_FILE = YES;
				INFOPLIST_FILE = Navigation/Helpers/Info.plist;
				INFOPLIST_KEY_UIApplicationSupportsIndirectInputEvents = YES;
				INFOPLIST_KEY_UILaunchStoryboardName = LaunchScreen;
				INFOPLIST_KEY_UISupportedInterfaceOrientations_iPad = "UIInterfaceOrientationPortrait UIInterfaceOrientationPortraitUpsideDown UIInterfaceOrientationLandscapeLeft UIInterfaceOrientationLandscapeRight";
				INFOPLIST_KEY_UISupportedInterfaceOrientations_iPhone = "UIInterfaceOrientationPortrait UIInterfaceOrientationLandscapeLeft UIInterfaceOrientationLandscapeRight";
				LD_RUNPATH_SEARCH_PATHS = (
					"$(inherited)",
					"@executable_path/Frameworks",
				);
				MARKETING_VERSION = 1.0;
				PRODUCT_BUNDLE_IDENTIFIER = m.Navigation;
				PRODUCT_NAME = "$(TARGET_NAME)";
				SWIFT_EMIT_LOC_STRINGS = YES;
				SWIFT_VERSION = 5.0;
				TARGETED_DEVICE_FAMILY = "1,2";
			};
			name = Release;
		};
/* End XCBuildConfiguration section */

/* Begin XCConfigurationList section */
		FFD0448E2954C5DA00643070 /* Build configuration list for PBXProject "Navigation" */ = {
			isa = XCConfigurationList;
			buildConfigurations = (
				FFD044A52954C5DB00643070 /* Debug */,
				FFD044A62954C5DB00643070 /* Release */,
			);
			defaultConfigurationIsVisible = 0;
			defaultConfigurationName = Release;
		};
		FFD044A72954C5DB00643070 /* Build configuration list for PBXNativeTarget "Navigation" */ = {
			isa = XCConfigurationList;
			buildConfigurations = (
				FFD044A82954C5DB00643070 /* Debug */,
				FFD044A92954C5DB00643070 /* Release */,
			);
			defaultConfigurationIsVisible = 0;
			defaultConfigurationName = Release;
		};
/* End XCConfigurationList section */
	};
	rootObject = FFD0448B2954C5DA00643070 /* Project object */;
}
